
Microsoft Visual Studio Solution File, Format Version 12.00
# Visual Studio Version 17
VisualStudioVersion = 17.3.32922.545
MinimumVisualStudioVersion = 10.0.40219.1
Project("{9A19103F-16F7-4668-BE54-9A1E7A4F7556}") = "Console", "Console\Console.csproj", "{6A23C390-CF1F-4DFD-A745-A03C60FDCBC6}"
EndProject
Project("{2150E333-8FDC-42A3-9474-1A3956D46DE8}") = "Started", "Started", "{AC4BDF23-155B-47BA-90F3-D5BA19698D72}"
EndProject
Project("{2150E333-8FDC-42A3-9474-1A3956D46DE8}") = "ObjectivelyOriented", "ObjectivelyOriented", "{0A91D875-9F43-42E7-8B23-394F8DBD677E}"
EndProject
Project("{2150E333-8FDC-42A3-9474-1A3956D46DE8}") = "Class", "Class", "{6A0CA6D1-A38D-49AC-85FF-42BDE0925EE4}"
EndProject
Project("{9A19103F-16F7-4668-BE54-9A1E7A4F7556}") = "Class", "Class\Class.csproj", "{F510DFEC-A110-4271-8BD8-DFA261D7DF58}"
EndProject
Project("{2150E333-8FDC-42A3-9474-1A3956D46DE8}") = "Library", "Library", "{7EEF880E-67BE-4944-AF36-9DB60CE3A99A}"
EndProject
Project("{9A19103F-16F7-4668-BE54-9A1E7A4F7556}") = "Main", "Main\Main.csproj", "{FE86AFFD-85ED-4376-9B60-0D2268DCF510}"
EndProject
Project("{9A19103F-16F7-4668-BE54-9A1E7A4F7556}") = "ClassLibrary", "ClassLibrary\ClassLibrary.csproj", "{87AE42D0-DD5E-4D6F-BB75-9C43696911B6}"
EndProject
Project("{2150E333-8FDC-42A3-9474-1A3956D46DE8}") = "Package", "Package", "{CD88157B-5D77-4EF3-9424-4A31E6FB16D3}"
EndProject
Project("{FAE04EC0-301F-11D3-BF4B-00C04F79EFBC}") = "Package", "Package\Package.csproj", "{0438F113-E21A-47D6-B429-BFDBF1E00496}"
EndProject
Project("{2150E333-8FDC-42A3-9474-1A3956D46DE8}") = "Properties", "Properties", "{EBBFD52A-99D0-4DA3-A4F4-F03424276316}"
EndProject
Project("{FAE04EC0-301F-11D3-BF4B-00C04F79EFBC}") = "FieldsProperties", "FieldsProperties\FieldsProperties.csproj", "{FD36B906-3084-4DB6-A2F9-F3948D23D440}"
EndProject
Project("{2150E333-8FDC-42A3-9474-1A3956D46DE8}") = "1_FieldsProperties", "1_FieldsProperties", "{A094B648-7283-479A-842E-AE1394BB898D}"
EndProject
Project("{2150E333-8FDC-42A3-9474-1A3956D46DE8}") = "2_TypesProperties", "2_TypesProperties", "{1BFFA70D-B451-4060-A9C3-5296F34ED813}"
EndProject
Project("{FAE04EC0-301F-11D3-BF4B-00C04F79EFBC}") = "TypesProperties", "TypesProperties\TypesProperties.csproj", "{10539371-8ACD-46B9-982A-8A166EB1849D}"
EndProject
Project("{2150E333-8FDC-42A3-9474-1A3956D46DE8}") = "3_InitProperties", "3_InitProperties", "{76FEAACE-2892-4E32-B798-C916537F6A37}"
EndProject
Project("{FAE04EC0-301F-11D3-BF4B-00C04F79EFBC}") = "InitProperties", "InitProperties\InitProperties.csproj", "{388964E1-49F3-4CDE-8D27-3B66320B1FC2}"
EndProject
Project("{2150E333-8FDC-42A3-9474-1A3956D46DE8}") = "4_ClassProperties", "4_ClassProperties", "{0E63534B-14EB-45D3-AED5-0D6A558E7777}"
EndProject
Project("{FAE04EC0-301F-11D3-BF4B-00C04F79EFBC}") = "ClassProperties", "ClassProperties\ClassProperties.csproj", "{137554B9-01B7-4C59-B5B4-33CF8FF674EE}"
EndProject
Project("{2150E333-8FDC-42A3-9474-1A3956D46DE8}") = "5_StructProperties", "5_StructProperties", "{AECCDBC0-72C4-4A98-A925-F072E5A03A16}"
EndProject
Project("{FAE04EC0-301F-11D3-BF4B-00C04F79EFBC}") = "StructProperties", "StructProperties\StructProperties.csproj", "{E03BCBBC-F7B0-4D8E-ACF3-FEC7C43BC15F}"
EndProject
Project("{2150E333-8FDC-42A3-9474-1A3956D46DE8}") = "6_TernaryProperties", "6_TernaryProperties", "{5BB5A372-645D-4815-AE68-937B563D3AC3}"
EndProject
Project("{FAE04EC0-301F-11D3-BF4B-00C04F79EFBC}") = "TernaryProperties", "TernaryProperties\TernaryProperties.csproj", "{A3F9CD8C-312C-4AA7-BC76-F42C6940975A}"
EndProject
Global
	GlobalSection(SolutionConfigurationPlatforms) = preSolution
		Debug|Any CPU = Debug|Any CPU
		Release|Any CPU = Release|Any CPU
	EndGlobalSection
	GlobalSection(ProjectConfigurationPlatforms) = postSolution
		{6A23C390-CF1F-4DFD-A745-A03C60FDCBC6}.Debug|Any CPU.ActiveCfg = Debug|Any CPU
		{6A23C390-CF1F-4DFD-A745-A03C60FDCBC6}.Debug|Any CPU.Build.0 = Debug|Any CPU
		{6A23C390-CF1F-4DFD-A745-A03C60FDCBC6}.Release|Any CPU.ActiveCfg = Release|Any CPU
		{6A23C390-CF1F-4DFD-A745-A03C60FDCBC6}.Release|Any CPU.Build.0 = Release|Any CPU
		{F510DFEC-A110-4271-8BD8-DFA261D7DF58}.Debug|Any CPU.ActiveCfg = Debug|Any CPU
		{F510DFEC-A110-4271-8BD8-DFA261D7DF58}.Debug|Any CPU.Build.0 = Debug|Any CPU
		{F510DFEC-A110-4271-8BD8-DFA261D7DF58}.Release|Any CPU.ActiveCfg = Release|Any CPU
		{F510DFEC-A110-4271-8BD8-DFA261D7DF58}.Release|Any CPU.Build.0 = Release|Any CPU
		{FE86AFFD-85ED-4376-9B60-0D2268DCF510}.Debug|Any CPU.ActiveCfg = Debug|Any CPU
		{FE86AFFD-85ED-4376-9B60-0D2268DCF510}.Debug|Any CPU.Build.0 = Debug|Any CPU
		{FE86AFFD-85ED-4376-9B60-0D2268DCF510}.Release|Any CPU.ActiveCfg = Release|Any CPU
		{FE86AFFD-85ED-4376-9B60-0D2268DCF510}.Release|Any CPU.Build.0 = Release|Any CPU
		{87AE42D0-DD5E-4D6F-BB75-9C43696911B6}.Debug|Any CPU.ActiveCfg = Debug|Any CPU
		{87AE42D0-DD5E-4D6F-BB75-9C43696911B6}.Debug|Any CPU.Build.0 = Debug|Any CPU
		{87AE42D0-DD5E-4D6F-BB75-9C43696911B6}.Release|Any CPU.ActiveCfg = Release|Any CPU
		{87AE42D0-DD5E-4D6F-BB75-9C43696911B6}.Release|Any CPU.Build.0 = Release|Any CPU
		{0438F113-E21A-47D6-B429-BFDBF1E00496}.Debug|Any CPU.ActiveCfg = Debug|Any CPU
		{0438F113-E21A-47D6-B429-BFDBF1E00496}.Debug|Any CPU.Build.0 = Debug|Any CPU
		{0438F113-E21A-47D6-B429-BFDBF1E00496}.Release|Any CPU.ActiveCfg = Release|Any CPU
		{0438F113-E21A-47D6-B429-BFDBF1E00496}.Release|Any CPU.Build.0 = Release|Any CPU
		{FD36B906-3084-4DB6-A2F9-F3948D23D440}.Debug|Any CPU.ActiveCfg = Debug|Any CPU
		{FD36B906-3084-4DB6-A2F9-F3948D23D440}.Debug|Any CPU.Build.0 = Debug|Any CPU
		{FD36B906-3084-4DB6-A2F9-F3948D23D440}.Release|Any CPU.ActiveCfg = Release|Any CPU
		{FD36B906-3084-4DB6-A2F9-F3948D23D440}.Release|Any CPU.Build.0 = Release|Any CPU
		{10539371-8ACD-46B9-982A-8A166EB1849D}.Debug|Any CPU.ActiveCfg = Debug|Any CPU
		{10539371-8ACD-46B9-982A-8A166EB1849D}.Debug|Any CPU.Build.0 = Debug|Any CPU
		{10539371-8ACD-46B9-982A-8A166EB1849D}.Release|Any CPU.ActiveCfg = Release|Any CPU
		{10539371-8ACD-46B9-982A-8A166EB1849D}.Release|Any CPU.Build.0 = Release|Any CPU
		{388964E1-49F3-4CDE-8D27-3B66320B1FC2}.Debug|Any CPU.ActiveCfg = Debug|Any CPU
		{388964E1-49F3-4CDE-8D27-3B66320B1FC2}.Debug|Any CPU.Build.0 = Debug|Any CPU
		{388964E1-49F3-4CDE-8D27-3B66320B1FC2}.Release|Any CPU.ActiveCfg = Release|Any CPU
		{388964E1-49F3-4CDE-8D27-3B66320B1FC2}.Release|Any CPU.Build.0 = Release|Any CPU
		{137554B9-01B7-4C59-B5B4-33CF8FF674EE}.Debug|Any CPU.ActiveCfg = Debug|Any CPU
		{137554B9-01B7-4C59-B5B4-33CF8FF674EE}.Debug|Any CPU.Build.0 = Debug|Any CPU
		{137554B9-01B7-4C59-B5B4-33CF8FF674EE}.Release|Any CPU.ActiveCfg = Release|Any CPU
		{137554B9-01B7-4C59-B5B4-33CF8FF674EE}.Release|Any CPU.Build.0 = Release|Any CPU
		{E03BCBBC-F7B0-4D8E-ACF3-FEC7C43BC15F}.Debug|Any CPU.ActiveCfg = Debug|Any CPU
		{E03BCBBC-F7B0-4D8E-ACF3-FEC7C43BC15F}.Debug|Any CPU.Build.0 = Debug|Any CPU
		{E03BCBBC-F7B0-4D8E-ACF3-FEC7C43BC15F}.Release|Any CPU.ActiveCfg = Release|Any CPU
		{E03BCBBC-F7B0-4D8E-ACF3-FEC7C43BC15F}.Release|Any CPU.Build.0 = Release|Any CPU
		{A3F9CD8C-312C-4AA7-BC76-F42C6940975A}.Debug|Any CPU.ActiveCfg = Debug|Any CPU
		{A3F9CD8C-312C-4AA7-BC76-F42C6940975A}.Debug|Any CPU.Build.0 = Debug|Any CPU
		{A3F9CD8C-312C-4AA7-BC76-F42C6940975A}.Release|Any CPU.ActiveCfg = Release|Any CPU
		{A3F9CD8C-312C-4AA7-BC76-F42C6940975A}.Release|Any CPU.Build.0 = Release|Any CPU
	EndGlobalSection
	GlobalSection(SolutionProperties) = preSolution
		HideSolutionNode = FALSE
	EndGlobalSection
	GlobalSection(NestedProjects) = preSolution
		{6A23C390-CF1F-4DFD-A745-A03C60FDCBC6} = {AC4BDF23-155B-47BA-90F3-D5BA19698D72}
		{6A0CA6D1-A38D-49AC-85FF-42BDE0925EE4} = {0A91D875-9F43-42E7-8B23-394F8DBD677E}
		{F510DFEC-A110-4271-8BD8-DFA261D7DF58} = {6A0CA6D1-A38D-49AC-85FF-42BDE0925EE4}
		{7EEF880E-67BE-4944-AF36-9DB60CE3A99A} = {0A91D875-9F43-42E7-8B23-394F8DBD677E}
		{FE86AFFD-85ED-4376-9B60-0D2268DCF510} = {7EEF880E-67BE-4944-AF36-9DB60CE3A99A}
		{87AE42D0-DD5E-4D6F-BB75-9C43696911B6} = {7EEF880E-67BE-4944-AF36-9DB60CE3A99A}
		{CD88157B-5D77-4EF3-9424-4A31E6FB16D3} = {0A91D875-9F43-42E7-8B23-394F8DBD677E}
		{0438F113-E21A-47D6-B429-BFDBF1E00496} = {CD88157B-5D77-4EF3-9424-4A31E6FB16D3}
		{EBBFD52A-99D0-4DA3-A4F4-F03424276316} = {0A91D875-9F43-42E7-8B23-394F8DBD677E}
		{FD36B906-3084-4DB6-A2F9-F3948D23D440} = {A094B648-7283-479A-842E-AE1394BB898D}
		{A094B648-7283-479A-842E-AE1394BB898D} = {EBBFD52A-99D0-4DA3-A4F4-F03424276316}
		{1BFFA70D-B451-4060-A9C3-5296F34ED813} = {EBBFD52A-99D0-4DA3-A4F4-F03424276316}
		{10539371-8ACD-46B9-982A-8A166EB1849D} = {1BFFA70D-B451-4060-A9C3-5296F34ED813}
		{76FEAACE-2892-4E32-B798-C916537F6A37} = {EBBFD52A-99D0-4DA3-A4F4-F03424276316}
		{388964E1-49F3-4CDE-8D27-3B66320B1FC2} = {76FEAACE-2892-4E32-B798-C916537F6A37}
		{0E63534B-14EB-45D3-AED5-0D6A558E7777} = {EBBFD52A-99D0-4DA3-A4F4-F03424276316}
		{137554B9-01B7-4C59-B5B4-33CF8FF674EE} = {0E63534B-14EB-45D3-AED5-0D6A558E7777}
		{AECCDBC0-72C4-4A98-A925-F072E5A03A16} = {EBBFD52A-99D0-4DA3-A4F4-F03424276316}
		{E03BCBBC-F7B0-4D8E-ACF3-FEC7C43BC15F} = {AECCDBC0-72C4-4A98-A925-F072E5A03A16}
		{5BB5A372-645D-4815-AE68-937B563D3AC3} = {EBBFD52A-99D0-4DA3-A4F4-F03424276316}
		{A3F9CD8C-312C-4AA7-BC76-F42C6940975A} = {5BB5A372-645D-4815-AE68-937B563D3AC3}
	EndGlobalSection
	GlobalSection(ExtensibilityGlobals) = postSolution
		SolutionGuid = {870592A0-3309-416C-B5F2-672DDADAEA95}
	EndGlobalSection
EndGlobal
